
Microsoft Visual Studio Solution File, Format Version 12.00
# Visual Studio Version 16
VisualStudioVersion = 16.0.29025.244
MinimumVisualStudioVersion = 10.0.40219.1
Project("{FAE04EC0-301F-11D3-BF4B-00C04F79EFBC}") = "RDR3PhotosGUI", "RDR3PhotosGUI\RDR3PhotosGUI.csproj", "{392B4CC5-95DE-4E0E-90FA-4E03EAC8594F}"
EndProject
Global
	GlobalSection(SolutionConfigurationPlatforms) = preSolution
		Debug|Any CPU = Debug|Any CPU
		Release|Any CPU = Release|Any CPU
	EndGlobalSection
	GlobalSection(ProjectConfigurationPlatforms) = postSolution
		{392B4CC5-95DE-4E0E-90FA-4E03EAC8594F}.Debug|Any CPU.ActiveCfg = Debug|Any CPU
		{392B4CC5-95DE-4E0E-90FA-4E03EAC8594F}.Debug|Any CPU.Build.0 = Debug|Any CPU
		{392B4CC5-95DE-4E0E-90FA-4E03EAC8594F}.Release|Any CPU.ActiveCfg = Release|Any CPU
		{392B4CC5-95DE-4E0E-90FA-4E03EAC8594F}.Release|Any CPU.Build.0 = Release|Any CPU
	EndGlobalSection
	GlobalSection(SolutionProperties) = preSolution
		HideSolutionNode = FALSE
	EndGlobalSection
	GlobalSection(ExtensibilityGlobals) = postSolution
		SolutionGuid = {3ACFAD55-EF22-450B-9D04-BD1EA3AC575F}
	EndGlobalSection
EndGlobal
